
Microsoft Visual Studio Solution File, Format Version 12.00
# Visual Studio Version 17
VisualStudioVersion = 17.4.33103.184
MinimumVisualStudioVersion = 10.0.40219.1
Project("{FAE04EC0-301F-11D3-BF4B-00C04F79EFBC}") = "LocalTranspotaion_API", "LocalTranspotaion_API\LocalTranspotaion_API.csproj", "{C462D82F-E219-49E0-BDF1-6AF2BE213637}"
EndProject
Global
	GlobalSection(SolutionConfigurationPlatforms) = preSolution
		Debug|Any CPU = Debug|Any CPU
		Release|Any CPU = Release|Any CPU
	EndGlobalSection
	GlobalSection(ProjectConfigurationPlatforms) = postSolution
		{C462D82F-E219-49E0-BDF1-6AF2BE213637}.Debug|Any CPU.ActiveCfg = Debug|Any CPU
		{C462D82F-E219-49E0-BDF1-6AF2BE213637}.Debug|Any CPU.Build.0 = Debug|Any CPU
		{C462D82F-E219-49E0-BDF1-6AF2BE213637}.Release|Any CPU.ActiveCfg = Release|Any CPU
		{C462D82F-E219-49E0-BDF1-6AF2BE213637}.Release|Any CPU.Build.0 = Release|Any CPU
	EndGlobalSection
	GlobalSection(SolutionProperties) = preSolution
		HideSolutionNode = FALSE
	EndGlobalSection
	GlobalSection(ExtensibilityGlobals) = postSolution
		SolutionGuid = {335516EF-A7D5-4993-9C83-3A4D684BB06D}
	EndGlobalSection
EndGlobal
